// !$*UTF8*$!
{
	archiveVersion = 1;
	classes = {
	};
	objectVersion = 46;
	objects = {

/* Begin PBXBuildFile section */
		00E356F31AD99517003FC87E /* HNC_AsiaSoftTests.m in Sources */ = {isa = PBXBuildFile; fileRef = 00E356F21AD99517003FC87E /* HNC_AsiaSoftTests.m */; };
		0296A214D105440F82E1A594 /* Poppins-SemiBoldItalic.ttf in Resources */ = {isa = PBXBuildFile; fileRef = ACA02740971B4FB79DD9C9C4 /* Poppins-SemiBoldItalic.ttf */; };
		08FE1A21E9E24BAA8DF5D74A /* Poppins-Regular.ttf in Resources */ = {isa = PBXBuildFile; fileRef = 52EC33EBB3A840618242B515 /* Poppins-Regular.ttf */; };
		13B07FBC1A68108700A75B9A /* AppDelegate.m in Sources */ = {isa = PBXBuildFile; fileRef = 13B07FB01A68108700A75B9A /* AppDelegate.m */; };
		13B07FBF1A68108700A75B9A /* Images.xcassets in Resources */ = {isa = PBXBuildFile; fileRef = 13B07FB51A68108700A75B9A /* Images.xcassets */; };
		13B07FC11A68108700A75B9A /* main.m in Sources */ = {isa = PBXBuildFile; fileRef = 13B07FB71A68108700A75B9A /* main.m */; };
		1F38366A8A174BB5B5D0CC3F /* Roboto-Bold.ttf in Resources */ = {isa = PBXBuildFile; fileRef = 033380BB5FAF4015BC6AA074 /* Roboto-Bold.ttf */; };
		2D02E4BC1E0B4A80006451C7 /* AppDelegate.m in Sources */ = {isa = PBXBuildFile; fileRef = 13B07FB01A68108700A75B9A /* AppDelegate.m */; };
		2D02E4BD1E0B4A84006451C7 /* Images.xcassets in Resources */ = {isa = PBXBuildFile; fileRef = 13B07FB51A68108700A75B9A /* Images.xcassets */; };
		2D02E4BF1E0B4AB3006451C7 /* main.m in Sources */ = {isa = PBXBuildFile; fileRef = 13B07FB71A68108700A75B9A /* main.m */; };
		2DCD954D1E0B4F2C00145EB5 /* HNC_AsiaSoftTests.m in Sources */ = {isa = PBXBuildFile; fileRef = 00E356F21AD99517003FC87E /* HNC_AsiaSoftTests.m */; };
		3CA78E5B1091D1A4017D1584 /* libPods-HNC_AsiaSoft-HNC_AsiaSoftTests.a in Frameworks */ = {isa = PBXBuildFile; fileRef = BEA7669B40745A23DC337593 /* libPods-HNC_AsiaSoft-HNC_AsiaSoftTests.a */; };
		3F67FAC401CB4A6388E4A2E9 /* Poppins-ExtraBoldItalic.ttf in Resources */ = {isa = PBXBuildFile; fileRef = CFD60FDC26BA458EA816463A /* Poppins-ExtraBoldItalic.ttf */; };
		42B16B061F1642F483108F93 /* Poppins-BoldItalic.ttf in Resources */ = {isa = PBXBuildFile; fileRef = 684A7FFF5B814DEBB52B2E44 /* Poppins-BoldItalic.ttf */; };
		4E19ED6EFFDE4178B57C5C8B /* Poppins-Italic.ttf in Resources */ = {isa = PBXBuildFile; fileRef = EE5B7CBA03D54661A016EA4D /* Poppins-Italic.ttf */; };
		4E2A8351D23970EC0ED6EF0A /* libPods-HNC_AsiaSoft-tvOS.a in Frameworks */ = {isa = PBXBuildFile; fileRef = 810F8842BA0B834047FA761A /* libPods-HNC_AsiaSoft-tvOS.a */; };
		4FF3821FDBA04E07A7902B04 /* Roboto-Light.ttf in Resources */ = {isa = PBXBuildFile; fileRef = C132F835D16E4010AC6281EE /* Roboto-Light.ttf */; };
		5269B38325FCF02700682830 /* AppCenter-Config.plist in Resources */ = {isa = PBXBuildFile; fileRef = 5269B38225FCF02700682830 /* AppCenter-Config.plist */; };
		53074CE3EFE2414FB4ABC018 /* Poppins-ExtraLightItalic.ttf in Resources */ = {isa = PBXBuildFile; fileRef = CB7EA673AFB54FDA8CBB98AB /* Poppins-ExtraLightItalic.ttf */; };
		581A2C8151F944E6899E104B /* Poppins-MediumItalic.ttf in Resources */ = {isa = PBXBuildFile; fileRef = C27CF2E4BE564545BA4FC843 /* Poppins-MediumItalic.ttf */; };
		5EA9E41DC4044368B75A4590 /* Roboto-LightItalic.ttf in Resources */ = {isa = PBXBuildFile; fileRef = D3C629A10F7B47489B9B7B4F /* Roboto-LightItalic.ttf */; };
		6024D334982423E99DE18D29 /* libPods-HNC_AsiaSoft.a in Frameworks */ = {isa = PBXBuildFile; fileRef = 15579F1840A262A635E1308F /* libPods-HNC_AsiaSoft.a */; };
		6D259F581DC64407AF62FBAA /* Roboto-Medium.ttf in Resources */ = {isa = PBXBuildFile; fileRef = FABC5DD387F84B2A8ABC71D7 /* Roboto-Medium.ttf */; };
		6F73683F7B47401890C5A6AB /* Roboto-Italic.ttf in Resources */ = {isa = PBXBuildFile; fileRef = 48342BB0FE2B456EB6927BB5 /* Roboto-Italic.ttf */; };
		7676F31C6A1445D28FC6AF2F /* Roboto-BlackItalic.ttf in Resources */ = {isa = PBXBuildFile; fileRef = 8CB845C048C04AC7B92387D8 /* Roboto-BlackItalic.ttf */; };
		81AB9BB82411601600AC10FF /* LaunchScreen.storyboard in Resources */ = {isa = PBXBuildFile; fileRef = 81AB9BB72411601600AC10FF /* LaunchScreen.storyboard */; };
		8334DBEA22DF486CB6E756A3 /* Poppins-Thin.ttf in Resources */ = {isa = PBXBuildFile; fileRef = A8F67DF58BF5411EA3C89654 /* Poppins-Thin.ttf */; };
		90B6CB766007434DA1D8B3D2 /* Roboto-Thin.ttf in Resources */ = {isa = PBXBuildFile; fileRef = 7E2C5B416BD7482BA7C65B94 /* Roboto-Thin.ttf */; };
		A11C6133531D4C2EA23B135D /* Roboto-ThinItalic.ttf in Resources */ = {isa = PBXBuildFile; fileRef = 413841C824794DD39C8F4BDD /* Roboto-ThinItalic.ttf */; };
		A37ED78476BA4182AEA163A6 /* Poppins-SemiBold.ttf in Resources */ = {isa = PBXBuildFile; fileRef = FA7E5E1368274615AA5F7F60 /* Poppins-SemiBold.ttf */; };
		A5C7EF3BB50547C485F5414B /* Poppins-Bold.ttf in Resources */ = {isa = PBXBuildFile; fileRef = 1198AE76D5444C778575E080 /* Poppins-Bold.ttf */; };
		A62CBF31C97B41359E7C8BC4 /* Poppins-ExtraLight.ttf in Resources */ = {isa = PBXBuildFile; fileRef = 744FF56E8DD64626901984E6 /* Poppins-ExtraLight.ttf */; };
		ABD8BF77DF3D46AEBC864BC4 /* LogoAsiaSoft.png in Resources */ = {isa = PBXBuildFile; fileRef = A0D9724CBC2F480184528158 /* LogoAsiaSoft.png */; };
		B0B7CC6DEF0B46ECB97FA042 /* Roboto-Black.ttf in Resources */ = {isa = PBXBuildFile; fileRef = 2BC22B64A3D242A3A037D6D0 /* Roboto-Black.ttf */; };
		B38E7EC189A74060BE719C0D /* Poppins-ExtraBold.ttf in Resources */ = {isa = PBXBuildFile; fileRef = 7105DC7332CE4A13B1D889AC /* Poppins-ExtraBold.ttf */; };
		BA10A0CCFDD2413494F65112 /* Poppins-Light.ttf in Resources */ = {isa = PBXBuildFile; fileRef = 7FBF49BBBFCF46CAA832C85E /* Poppins-Light.ttf */; };
		BC4C8326C2934CEDB228F6CB /* Roboto-Regular.ttf in Resources */ = {isa = PBXBuildFile; fileRef = 047EC8F1BA454D6881EA11A3 /* Roboto-Regular.ttf */; };
		C3C15B35C89B52E223017C9C /* libPods-HNC_AsiaSoft-tvOSTests.a in Frameworks */ = {isa = PBXBuildFile; fileRef = 5F426E4A1AD088011E5890D3 /* libPods-HNC_AsiaSoft-tvOSTests.a */; };
		D095032289934560B1ABB1DE /* Poppins-Black.ttf in Resources */ = {isa = PBXBuildFile; fileRef = DDAE19305938469CB221F25A /* Poppins-Black.ttf */; };
		DDA69BB3C478483487760328 /* Roboto-MediumItalic.ttf in Resources */ = {isa = PBXBuildFile; fileRef = 236843205C99468F9589CA7D /* Roboto-MediumItalic.ttf */; };
		DF68D37EC95D47A0891B230D /* Roboto-BoldItalic.ttf in Resources */ = {isa = PBXBuildFile; fileRef = 65C6D28D846846C0B5783357 /* Roboto-BoldItalic.ttf */; };
		E94B893C0C134BF9997DC4F8 /* Poppins-ThinItalic.ttf in Resources */ = {isa = PBXBuildFile; fileRef = 94039CB7B9EE4B8D85867E2D /* Poppins-ThinItalic.ttf */; };
		EE5B95F9F54D4C5DB00EDEBB /* Poppins-Medium.ttf in Resources */ = {isa = PBXBuildFile; fileRef = 2368416D920A471E8270609A /* Poppins-Medium.ttf */; };
		EF8C737C898D471CBF4442A2 /* Poppins-LightItalic.ttf in Resources */ = {isa = PBXBuildFile; fileRef = 97E398DE53C04B1A91BA139A /* Poppins-LightItalic.ttf */; };
		FC77E12C40654CB3B5806B54 /* splash_icon.png in Resources */ = {isa = PBXBuildFile; fileRef = 469E1D33A20E4CB6AF767006 /* splash_icon.png */; };
		FCC3532D68884313984ECE0D /* Poppins-BlackItalic.ttf in Resources */ = {isa = PBXBuildFile; fileRef = 4645280C41424094B6A2E346 /* Poppins-BlackItalic.ttf */; };
/* End PBXBuildFile section */

/* Begin PBXContainerItemProxy section */
		00E356F41AD99517003FC87E /* PBXContainerItemProxy */ = {
			isa = PBXContainerItemProxy;
			containerPortal = 83CBB9F71A601CBA00E9B192 /* Project object */;
			proxyType = 1;
			remoteGlobalIDString = 13B07F861A680F5B00A75B9A;
			remoteInfo = HNC_AsiaSoft;
		};
		2D02E4911E0B4A5D006451C7 /* PBXContainerItemProxy */ = {
			isa = PBXContainerItemProxy;
			containerPortal = 83CBB9F71A601CBA00E9B192 /* Project object */;
			proxyType = 1;
			remoteGlobalIDString = 2D02E47A1E0B4A5D006451C7;
			remoteInfo = "HNC_AsiaSoft-tvOS";
		};
/* End PBXContainerItemProxy section */

/* Begin PBXFileReference section */
		008F07F21AC5B25A0029DE68 /* main.jsbundle */ = {isa = PBXFileReference; fileEncoding = 4; lastKnownFileType = text; path = main.jsbundle; sourceTree = "<group>"; };
		00E356EE1AD99517003FC87E /* HNC_AsiaSoftTests.xctest */ = {isa = PBXFileReference; explicitFileType = wrapper.cfbundle; includeInIndex = 0; path = HNC_AsiaSoftTests.xctest; sourceTree = BUILT_PRODUCTS_DIR; };
		00E356F11AD99517003FC87E /* Info.plist */ = {isa = PBXFileReference; lastKnownFileType = text.plist.xml; path = Info.plist; sourceTree = "<group>"; };
		00E356F21AD99517003FC87E /* HNC_AsiaSoftTests.m */ = {isa = PBXFileReference; lastKnownFileType = sourcecode.c.objc; path = HNC_AsiaSoftTests.m; sourceTree = "<group>"; };
		033380BB5FAF4015BC6AA074 /* Roboto-Bold.ttf */ = {isa = PBXFileReference; explicitFileType = undefined; fileEncoding = 9; includeInIndex = 0; lastKnownFileType = unknown; name = "Roboto-Bold.ttf"; path = "../src/assets/fonts/Roboto-Bold.ttf"; sourceTree = "<group>"; };
		047EC8F1BA454D6881EA11A3 /* Roboto-Regular.ttf */ = {isa = PBXFileReference; explicitFileType = undefined; fileEncoding = 9; includeInIndex = 0; lastKnownFileType = unknown; name = "Roboto-Regular.ttf"; path = "../src/assets/fonts/Roboto-Regular.ttf"; sourceTree = "<group>"; };
		08EFEB8D1BF5D5F4C343BA8A /* Pods-HNC_AsiaSoft-HNC_AsiaSoftTests.debug.xcconfig */ = {isa = PBXFileReference; includeInIndex = 1; lastKnownFileType = text.xcconfig; name = "Pods-HNC_AsiaSoft-HNC_AsiaSoftTests.debug.xcconfig"; path = "Target Support Files/Pods-HNC_AsiaSoft-HNC_AsiaSoftTests/Pods-HNC_AsiaSoft-HNC_AsiaSoftTests.debug.xcconfig"; sourceTree = "<group>"; };
		0B8E5913F58D4670A49D72AE /* Pods-HNC_AsiaSoft-tvOSTests.debug.xcconfig */ = {isa = PBXFileReference; includeInIndex = 1; lastKnownFileType = text.xcconfig; name = "Pods-HNC_AsiaSoft-tvOSTests.debug.xcconfig"; path = "Target Support Files/Pods-HNC_AsiaSoft-tvOSTests/Pods-HNC_AsiaSoft-tvOSTests.debug.xcconfig"; sourceTree = "<group>"; };
		0D17C8BB25ADB547F744002F /* Pods-HNC_AsiaSoft-tvOSTests.release.xcconfig */ = {isa = PBXFileReference; includeInIndex = 1; lastKnownFileType = text.xcconfig; name = "Pods-HNC_AsiaSoft-tvOSTests.release.xcconfig"; path = "Target Support Files/Pods-HNC_AsiaSoft-tvOSTests/Pods-HNC_AsiaSoft-tvOSTests.release.xcconfig"; sourceTree = "<group>"; };
		1198AE76D5444C778575E080 /* Poppins-Bold.ttf */ = {isa = PBXFileReference; explicitFileType = undefined; fileEncoding = 9; includeInIndex = 0; lastKnownFileType = unknown; name = "Poppins-Bold.ttf"; path = "../src/assets/fonts/Poppins-Bold.ttf"; sourceTree = "<group>"; };
		13B07F961A680F5B00A75B9A /* HNC_AsiaSoft.app */ = {isa = PBXFileReference; explicitFileType = wrapper.application; includeInIndex = 0; path = HNC_AsiaSoft.app; sourceTree = BUILT_PRODUCTS_DIR; };
		13B07FAF1A68108700A75B9A /* AppDelegate.h */ = {isa = PBXFileReference; fileEncoding = 4; lastKnownFileType = sourcecode.c.h; name = AppDelegate.h; path = HNC_AsiaSoft/AppDelegate.h; sourceTree = "<group>"; };
		13B07FB01A68108700A75B9A /* AppDelegate.m */ = {isa = PBXFileReference; fileEncoding = 4; lastKnownFileType = sourcecode.c.objc; name = AppDelegate.m; path = HNC_AsiaSoft/AppDelegate.m; sourceTree = "<group>"; };
		13B07FB51A68108700A75B9A /* Images.xcassets */ = {isa = PBXFileReference; lastKnownFileType = folder.assetcatalog; name = Images.xcassets; path = HNC_AsiaSoft/Images.xcassets; sourceTree = "<group>"; };
		13B07FB61A68108700A75B9A /* Info.plist */ = {isa = PBXFileReference; fileEncoding = 4; lastKnownFileType = text.plist.xml; name = Info.plist; path = HNC_AsiaSoft/Info.plist; sourceTree = "<group>"; };
		13B07FB71A68108700A75B9A /* main.m */ = {isa = PBXFileReference; fileEncoding = 4; lastKnownFileType = sourcecode.c.objc; name = main.m; path = HNC_AsiaSoft/main.m; sourceTree = "<group>"; };
		15579F1840A262A635E1308F /* libPods-HNC_AsiaSoft.a */ = {isa = PBXFileReference; explicitFileType = archive.ar; includeInIndex = 0; path = "libPods-HNC_AsiaSoft.a"; sourceTree = BUILT_PRODUCTS_DIR; };
		2368416D920A471E8270609A /* Poppins-Medium.ttf */ = {isa = PBXFileReference; explicitFileType = undefined; fileEncoding = 9; includeInIndex = 0; lastKnownFileType = unknown; name = "Poppins-Medium.ttf"; path = "../src/assets/fonts/Poppins-Medium.ttf"; sourceTree = "<group>"; };
		236843205C99468F9589CA7D /* Roboto-MediumItalic.ttf */ = {isa = PBXFileReference; explicitFileType = undefined; fileEncoding = 9; includeInIndex = 0; lastKnownFileType = unknown; name = "Roboto-MediumItalic.ttf"; path = "../src/assets/fonts/Roboto-MediumItalic.ttf"; sourceTree = "<group>"; };
		2BC22B64A3D242A3A037D6D0 /* Roboto-Black.ttf */ = {isa = PBXFileReference; explicitFileType = undefined; fileEncoding = 9; includeInIndex = 0; lastKnownFileType = unknown; name = "Roboto-Black.ttf"; path = "../src/assets/fonts/Roboto-Black.ttf"; sourceTree = "<group>"; };
		2D02E47B1E0B4A5D006451C7 /* HNC_AsiaSoft-tvOS.app */ = {isa = PBXFileReference; explicitFileType = wrapper.application; includeInIndex = 0; path = "HNC_AsiaSoft-tvOS.app"; sourceTree = BUILT_PRODUCTS_DIR; };
		2D02E4901E0B4A5D006451C7 /* HNC_AsiaSoft-tvOSTests.xctest */ = {isa = PBXFileReference; explicitFileType = wrapper.cfbundle; includeInIndex = 0; path = "HNC_AsiaSoft-tvOSTests.xctest"; sourceTree = BUILT_PRODUCTS_DIR; };
		2D2D60F341369BE60ED3342A /* Pods-HNC_AsiaSoft.release.xcconfig */ = {isa = PBXFileReference; includeInIndex = 1; lastKnownFileType = text.xcconfig; name = "Pods-HNC_AsiaSoft.release.xcconfig"; path = "Target Support Files/Pods-HNC_AsiaSoft/Pods-HNC_AsiaSoft.release.xcconfig"; sourceTree = "<group>"; };
		307242ED33C0F79BAB488374 /* Pods-HNC_AsiaSoft-tvOS.debug.xcconfig */ = {isa = PBXFileReference; includeInIndex = 1; lastKnownFileType = text.xcconfig; name = "Pods-HNC_AsiaSoft-tvOS.debug.xcconfig"; path = "Target Support Files/Pods-HNC_AsiaSoft-tvOS/Pods-HNC_AsiaSoft-tvOS.debug.xcconfig"; sourceTree = "<group>"; };
		413841C824794DD39C8F4BDD /* Roboto-ThinItalic.ttf */ = {isa = PBXFileReference; explicitFileType = undefined; fileEncoding = 9; includeInIndex = 0; lastKnownFileType = unknown; name = "Roboto-ThinItalic.ttf"; path = "../src/assets/fonts/Roboto-ThinItalic.ttf"; sourceTree = "<group>"; };
		4645280C41424094B6A2E346 /* Poppins-BlackItalic.ttf */ = {isa = PBXFileReference; explicitFileType = undefined; fileEncoding = 9; includeInIndex = 0; lastKnownFileType = unknown; name = "Poppins-BlackItalic.ttf"; path = "../src/assets/fonts/Poppins-BlackItalic.ttf"; sourceTree = "<group>"; };
		469E1D33A20E4CB6AF767006 /* splash_icon.png */ = {isa = PBXFileReference; explicitFileType = undefined; fileEncoding = 9; includeInIndex = 0; lastKnownFileType = unknown; name = splash_icon.png; path = ../src/assets/images/splash_icon.png; sourceTree = "<group>"; };
		48342BB0FE2B456EB6927BB5 /* Roboto-Italic.ttf */ = {isa = PBXFileReference; explicitFileType = undefined; fileEncoding = 9; includeInIndex = 0; lastKnownFileType = unknown; name = "Roboto-Italic.ttf"; path = "../src/assets/fonts/Roboto-Italic.ttf"; sourceTree = "<group>"; };
		5269B38225FCF02700682830 /* AppCenter-Config.plist */ = {isa = PBXFileReference; fileEncoding = 4; lastKnownFileType = text.plist.xml; path = "AppCenter-Config.plist"; sourceTree = "<group>"; };
		52EC33EBB3A840618242B515 /* Poppins-Regular.ttf */ = {isa = PBXFileReference; explicitFileType = undefined; fileEncoding = 9; includeInIndex = 0; lastKnownFileType = unknown; name = "Poppins-Regular.ttf"; path = "../src/assets/fonts/Poppins-Regular.ttf"; sourceTree = "<group>"; };
		5F426E4A1AD088011E5890D3 /* libPods-HNC_AsiaSoft-tvOSTests.a */ = {isa = PBXFileReference; explicitFileType = archive.ar; includeInIndex = 0; path = "libPods-HNC_AsiaSoft-tvOSTests.a"; sourceTree = BUILT_PRODUCTS_DIR; };
		65C6D28D846846C0B5783357 /* Roboto-BoldItalic.ttf */ = {isa = PBXFileReference; explicitFileType = undefined; fileEncoding = 9; includeInIndex = 0; lastKnownFileType = unknown; name = "Roboto-BoldItalic.ttf"; path = "../src/assets/fonts/Roboto-BoldItalic.ttf"; sourceTree = "<group>"; };
		684A7FFF5B814DEBB52B2E44 /* Poppins-BoldItalic.ttf */ = {isa = PBXFileReference; explicitFileType = undefined; fileEncoding = 9; includeInIndex = 0; lastKnownFileType = unknown; name = "Poppins-BoldItalic.ttf"; path = "../src/assets/fonts/Poppins-BoldItalic.ttf"; sourceTree = "<group>"; };
		7105DC7332CE4A13B1D889AC /* Poppins-ExtraBold.ttf */ = {isa = PBXFileReference; explicitFileType = undefined; fileEncoding = 9; includeInIndex = 0; lastKnownFileType = unknown; name = "Poppins-ExtraBold.ttf"; path = "../src/assets/fonts/Poppins-ExtraBold.ttf"; sourceTree = "<group>"; };
		744FF56E8DD64626901984E6 /* Poppins-ExtraLight.ttf */ = {isa = PBXFileReference; explicitFileType = undefined; fileEncoding = 9; includeInIndex = 0; lastKnownFileType = unknown; name = "Poppins-ExtraLight.ttf"; path = "../src/assets/fonts/Poppins-ExtraLight.ttf"; sourceTree = "<group>"; };
		7E2C5B416BD7482BA7C65B94 /* Roboto-Thin.ttf */ = {isa = PBXFileReference; explicitFileType = undefined; fileEncoding = 9; includeInIndex = 0; lastKnownFileType = unknown; name = "Roboto-Thin.ttf"; path = "../src/assets/fonts/Roboto-Thin.ttf"; sourceTree = "<group>"; };
		7FBF49BBBFCF46CAA832C85E /* Poppins-Light.ttf */ = {isa = PBXFileReference; explicitFileType = undefined; fileEncoding = 9; includeInIndex = 0; lastKnownFileType = unknown; name = "Poppins-Light.ttf"; path = "../src/assets/fonts/Poppins-Light.ttf"; sourceTree = "<group>"; };
		810F8842BA0B834047FA761A /* libPods-HNC_AsiaSoft-tvOS.a */ = {isa = PBXFileReference; explicitFileType = archive.ar; includeInIndex = 0; path = "libPods-HNC_AsiaSoft-tvOS.a"; sourceTree = BUILT_PRODUCTS_DIR; };
		81AB9BB72411601600AC10FF /* LaunchScreen.storyboard */ = {isa = PBXFileReference; fileEncoding = 4; lastKnownFileType = file.storyboard; name = LaunchScreen.storyboard; path = HNC_AsiaSoft/LaunchScreen.storyboard; sourceTree = "<group>"; };
		87C89E726FBE6D076FA1B52F /* Pods-HNC_AsiaSoft.debug.xcconfig */ = {isa = PBXFileReference; includeInIndex = 1; lastKnownFileType = text.xcconfig; name = "Pods-HNC_AsiaSoft.debug.xcconfig"; path = "Target Support Files/Pods-HNC_AsiaSoft/Pods-HNC_AsiaSoft.debug.xcconfig"; sourceTree = "<group>"; };
		8CB845C048C04AC7B92387D8 /* Roboto-BlackItalic.ttf */ = {isa = PBXFileReference; explicitFileType = undefined; fileEncoding = 9; includeInIndex = 0; lastKnownFileType = unknown; name = "Roboto-BlackItalic.ttf"; path = "../src/assets/fonts/Roboto-BlackItalic.ttf"; sourceTree = "<group>"; };
		94039CB7B9EE4B8D85867E2D /* Poppins-ThinItalic.ttf */ = {isa = PBXFileReference; explicitFileType = undefined; fileEncoding = 9; includeInIndex = 0; lastKnownFileType = unknown; name = "Poppins-ThinItalic.ttf"; path = "../src/assets/fonts/Poppins-ThinItalic.ttf"; sourceTree = "<group>"; };
		95A15363646E527FD2853F1D /* Pods-HNC_AsiaSoft-HNC_AsiaSoftTests.release.xcconfig */ = {isa = PBXFileReference; includeInIndex = 1; lastKnownFileType = text.xcconfig; name = "Pods-HNC_AsiaSoft-HNC_AsiaSoftTests.release.xcconfig"; path = "Target Support Files/Pods-HNC_AsiaSoft-HNC_AsiaSoftTests/Pods-HNC_AsiaSoft-HNC_AsiaSoftTests.release.xcconfig"; sourceTree = "<group>"; };
		97E398DE53C04B1A91BA139A /* Poppins-LightItalic.ttf */ = {isa = PBXFileReference; explicitFileType = undefined; fileEncoding = 9; includeInIndex = 0; lastKnownFileType = unknown; name = "Poppins-LightItalic.ttf"; path = "../src/assets/fonts/Poppins-LightItalic.ttf"; sourceTree = "<group>"; };
		A0D9724CBC2F480184528158 /* LogoAsiaSoft.png */ = {isa = PBXFileReference; explicitFileType = undefined; fileEncoding = 9; includeInIndex = 0; lastKnownFileType = unknown; name = LogoAsiaSoft.png; path = ../src/assets/images/LogoAsiaSoft.png; sourceTree = "<group>"; };
		A8F67DF58BF5411EA3C89654 /* Poppins-Thin.ttf */ = {isa = PBXFileReference; explicitFileType = undefined; fileEncoding = 9; includeInIndex = 0; lastKnownFileType = unknown; name = "Poppins-Thin.ttf"; path = "../src/assets/fonts/Poppins-Thin.ttf"; sourceTree = "<group>"; };
		ACA02740971B4FB79DD9C9C4 /* Poppins-SemiBoldItalic.ttf */ = {isa = PBXFileReference; explicitFileType = undefined; fileEncoding = 9; includeInIndex = 0; lastKnownFileType = unknown; name = "Poppins-SemiBoldItalic.ttf"; path = "../src/assets/fonts/Poppins-SemiBoldItalic.ttf"; sourceTree = "<group>"; };
		B873C7E320062B7FCF1AE3C7 /* Pods-HNC_AsiaSoft-tvOS.release.xcconfig */ = {isa = PBXFileReference; includeInIndex = 1; lastKnownFileType = text.xcconfig; name = "Pods-HNC_AsiaSoft-tvOS.release.xcconfig"; path = "Target Support Files/Pods-HNC_AsiaSoft-tvOS/Pods-HNC_AsiaSoft-tvOS.release.xcconfig"; sourceTree = "<group>"; };
		BEA7669B40745A23DC337593 /* libPods-HNC_AsiaSoft-HNC_AsiaSoftTests.a */ = {isa = PBXFileReference; explicitFileType = archive.ar; includeInIndex = 0; path = "libPods-HNC_AsiaSoft-HNC_AsiaSoftTests.a"; sourceTree = BUILT_PRODUCTS_DIR; };
		C132F835D16E4010AC6281EE /* Roboto-Light.ttf */ = {isa = PBXFileReference; explicitFileType = undefined; fileEncoding = 9; includeInIndex = 0; lastKnownFileType = unknown; name = "Roboto-Light.ttf"; path = "../src/assets/fonts/Roboto-Light.ttf"; sourceTree = "<group>"; };
		C27CF2E4BE564545BA4FC843 /* Poppins-MediumItalic.ttf */ = {isa = PBXFileReference; explicitFileType = undefined; fileEncoding = 9; includeInIndex = 0; lastKnownFileType = unknown; name = "Poppins-MediumItalic.ttf"; path = "../src/assets/fonts/Poppins-MediumItalic.ttf"; sourceTree = "<group>"; };
		CB7EA673AFB54FDA8CBB98AB /* Poppins-ExtraLightItalic.ttf */ = {isa = PBXFileReference; explicitFileType = undefined; fileEncoding = 9; includeInIndex = 0; lastKnownFileType = unknown; name = "Poppins-ExtraLightItalic.ttf"; path = "../src/assets/fonts/Poppins-ExtraLightItalic.ttf"; sourceTree = "<group>"; };
		CFD60FDC26BA458EA816463A /* Poppins-ExtraBoldItalic.ttf */ = {isa = PBXFileReference; explicitFileType = undefined; fileEncoding = 9; includeInIndex = 0; lastKnownFileType = unknown; name = "Poppins-ExtraBoldItalic.ttf"; path = "../src/assets/fonts/Poppins-ExtraBoldItalic.ttf"; sourceTree = "<group>"; };
		D3C629A10F7B47489B9B7B4F /* Roboto-LightItalic.ttf */ = {isa = PBXFileReference; explicitFileType = undefined; fileEncoding = 9; includeInIndex = 0; lastKnownFileType = unknown; name = "Roboto-LightItalic.ttf"; path = "../src/assets/fonts/Roboto-LightItalic.ttf"; sourceTree = "<group>"; };
		DDAE19305938469CB221F25A /* Poppins-Black.ttf */ = {isa = PBXFileReference; explicitFileType = undefined; fileEncoding = 9; includeInIndex = 0; lastKnownFileType = unknown; name = "Poppins-Black.ttf"; path = "../src/assets/fonts/Poppins-Black.ttf"; sourceTree = "<group>"; };
		ED297162215061F000B7C4FE /* JavaScriptCore.framework */ = {isa = PBXFileReference; lastKnownFileType = wrapper.framework; name = JavaScriptCore.framework; path = System/Library/Frameworks/JavaScriptCore.framework; sourceTree = SDKROOT; };
		ED2971642150620600B7C4FE /* JavaScriptCore.framework */ = {isa = PBXFileReference; lastKnownFileType = wrapper.framework; name = JavaScriptCore.framework; path = Platforms/AppleTVOS.platform/Developer/SDKs/AppleTVOS12.0.sdk/System/Library/Frameworks/JavaScriptCore.framework; sourceTree = DEVELOPER_DIR; };
		EE5B7CBA03D54661A016EA4D /* Poppins-Italic.ttf */ = {isa = PBXFileReference; explicitFileType = undefined; fileEncoding = 9; includeInIndex = 0; lastKnownFileType = unknown; name = "Poppins-Italic.ttf"; path = "../src/assets/fonts/Poppins-Italic.ttf"; sourceTree = "<group>"; };
		FA7E5E1368274615AA5F7F60 /* Poppins-SemiBold.ttf */ = {isa = PBXFileReference; explicitFileType = undefined; fileEncoding = 9; includeInIndex = 0; lastKnownFileType = unknown; name = "Poppins-SemiBold.ttf"; path = "../src/assets/fonts/Poppins-SemiBold.ttf"; sourceTree = "<group>"; };
		FABC5DD387F84B2A8ABC71D7 /* Roboto-Medium.ttf */ = {isa = PBXFileReference; explicitFileType = undefined; fileEncoding = 9; includeInIndex = 0; lastKnownFileType = unknown; name = "Roboto-Medium.ttf"; path = "../src/assets/fonts/Roboto-Medium.ttf"; sourceTree = "<group>"; };
/* End PBXFileReference section */

/* Begin PBXFrameworksBuildPhase section */
		00E356EB1AD99517003FC87E /* Frameworks */ = {
			isa = PBXFrameworksBuildPhase;
			buildActionMask = 2147483647;
			files = (
				3CA78E5B1091D1A4017D1584 /* libPods-HNC_AsiaSoft-HNC_AsiaSoftTests.a in Frameworks */,
			);
			runOnlyForDeploymentPostprocessing = 0;
		};
		13B07F8C1A680F5B00A75B9A /* Frameworks */ = {
			isa = PBXFrameworksBuildPhase;
			buildActionMask = 2147483647;
			files = (
				6024D334982423E99DE18D29 /* libPods-HNC_AsiaSoft.a in Frameworks */,
			);
			runOnlyForDeploymentPostprocessing = 0;
		};
		2D02E4781E0B4A5D006451C7 /* Frameworks */ = {
			isa = PBXFrameworksBuildPhase;
			buildActionMask = 2147483647;
			files = (
				4E2A8351D23970EC0ED6EF0A /* libPods-HNC_AsiaSoft-tvOS.a in Frameworks */,
			);
			runOnlyForDeploymentPostprocessing = 0;
		};
		2D02E48D1E0B4A5D006451C7 /* Frameworks */ = {
			isa = PBXFrameworksBuildPhase;
			buildActionMask = 2147483647;
			files = (
				C3C15B35C89B52E223017C9C /* libPods-HNC_AsiaSoft-tvOSTests.a in Frameworks */,
			);
			runOnlyForDeploymentPostprocessing = 0;
		};
/* End PBXFrameworksBuildPhase section */

/* Begin PBXGroup section */
		00E356EF1AD99517003FC87E /* HNC_AsiaSoftTests */ = {
			isa = PBXGroup;
			children = (
				00E356F21AD99517003FC87E /* HNC_AsiaSoftTests.m */,
				00E356F01AD99517003FC87E /* Supporting Files */,
			);
			path = HNC_AsiaSoftTests;
			sourceTree = "<group>";
		};
		00E356F01AD99517003FC87E /* Supporting Files */ = {
			isa = PBXGroup;
			children = (
				00E356F11AD99517003FC87E /* Info.plist */,
			);
			name = "Supporting Files";
			sourceTree = "<group>";
		};
		13B07FAE1A68108700A75B9A /* HNC_AsiaSoft */ = {
			isa = PBXGroup;
			children = (
				5269B38225FCF02700682830 /* AppCenter-Config.plist */,
				008F07F21AC5B25A0029DE68 /* main.jsbundle */,
				13B07FAF1A68108700A75B9A /* AppDelegate.h */,
				13B07FB01A68108700A75B9A /* AppDelegate.m */,
				13B07FB51A68108700A75B9A /* Images.xcassets */,
				13B07FB61A68108700A75B9A /* Info.plist */,
				81AB9BB72411601600AC10FF /* LaunchScreen.storyboard */,
				13B07FB71A68108700A75B9A /* main.m */,
			);
			name = HNC_AsiaSoft;
			sourceTree = "<group>";
		};
		2D16E6871FA4F8E400B85C8A /* Frameworks */ = {
			isa = PBXGroup;
			children = (
				ED297162215061F000B7C4FE /* JavaScriptCore.framework */,
				ED2971642150620600B7C4FE /* JavaScriptCore.framework */,
				15579F1840A262A635E1308F /* libPods-HNC_AsiaSoft.a */,
				BEA7669B40745A23DC337593 /* libPods-HNC_AsiaSoft-HNC_AsiaSoftTests.a */,
				810F8842BA0B834047FA761A /* libPods-HNC_AsiaSoft-tvOS.a */,
				5F426E4A1AD088011E5890D3 /* libPods-HNC_AsiaSoft-tvOSTests.a */,
			);
			name = Frameworks;
			sourceTree = "<group>";
		};
		7AE29BCB28C3DE5290C22145 /* Pods */ = {
			isa = PBXGroup;
			children = (
				87C89E726FBE6D076FA1B52F /* Pods-HNC_AsiaSoft.debug.xcconfig */,
				2D2D60F341369BE60ED3342A /* Pods-HNC_AsiaSoft.release.xcconfig */,
				08EFEB8D1BF5D5F4C343BA8A /* Pods-HNC_AsiaSoft-HNC_AsiaSoftTests.debug.xcconfig */,
				95A15363646E527FD2853F1D /* Pods-HNC_AsiaSoft-HNC_AsiaSoftTests.release.xcconfig */,
				307242ED33C0F79BAB488374 /* Pods-HNC_AsiaSoft-tvOS.debug.xcconfig */,
				B873C7E320062B7FCF1AE3C7 /* Pods-HNC_AsiaSoft-tvOS.release.xcconfig */,
				0B8E5913F58D4670A49D72AE /* Pods-HNC_AsiaSoft-tvOSTests.debug.xcconfig */,
				0D17C8BB25ADB547F744002F /* Pods-HNC_AsiaSoft-tvOSTests.release.xcconfig */,
			);
			path = Pods;
			sourceTree = "<group>";
		};
		832341AE1AAA6A7D00B99B32 /* Libraries */ = {
			isa = PBXGroup;
			children = (
			);
			name = Libraries;
			sourceTree = "<group>";
		};
		83CBB9F61A601CBA00E9B192 = {
			isa = PBXGroup;
			children = (
				13B07FAE1A68108700A75B9A /* HNC_AsiaSoft */,
				832341AE1AAA6A7D00B99B32 /* Libraries */,
				00E356EF1AD99517003FC87E /* HNC_AsiaSoftTests */,
				83CBBA001A601CBA00E9B192 /* Products */,
				2D16E6871FA4F8E400B85C8A /* Frameworks */,
				7AE29BCB28C3DE5290C22145 /* Pods */,
				ECFAA1BD825E4E21A755B1E6 /* Resources */,
			);
			indentWidth = 2;
			sourceTree = "<group>";
			tabWidth = 2;
			usesTabs = 0;
		};
		83CBBA001A601CBA00E9B192 /* Products */ = {
			isa = PBXGroup;
			children = (
				13B07F961A680F5B00A75B9A /* HNC_AsiaSoft.app */,
				00E356EE1AD99517003FC87E /* HNC_AsiaSoftTests.xctest */,
				2D02E47B1E0B4A5D006451C7 /* HNC_AsiaSoft-tvOS.app */,
				2D02E4901E0B4A5D006451C7 /* HNC_AsiaSoft-tvOSTests.xctest */,
			);
			name = Products;
			sourceTree = "<group>";
		};
		ECFAA1BD825E4E21A755B1E6 /* Resources */ = {
			isa = PBXGroup;
			children = (
				DDAE19305938469CB221F25A /* Poppins-Black.ttf */,
				4645280C41424094B6A2E346 /* Poppins-BlackItalic.ttf */,
				1198AE76D5444C778575E080 /* Poppins-Bold.ttf */,
				684A7FFF5B814DEBB52B2E44 /* Poppins-BoldItalic.ttf */,
				7105DC7332CE4A13B1D889AC /* Poppins-ExtraBold.ttf */,
				CFD60FDC26BA458EA816463A /* Poppins-ExtraBoldItalic.ttf */,
				744FF56E8DD64626901984E6 /* Poppins-ExtraLight.ttf */,
				CB7EA673AFB54FDA8CBB98AB /* Poppins-ExtraLightItalic.ttf */,
				EE5B7CBA03D54661A016EA4D /* Poppins-Italic.ttf */,
				7FBF49BBBFCF46CAA832C85E /* Poppins-Light.ttf */,
				97E398DE53C04B1A91BA139A /* Poppins-LightItalic.ttf */,
				2368416D920A471E8270609A /* Poppins-Medium.ttf */,
				C27CF2E4BE564545BA4FC843 /* Poppins-MediumItalic.ttf */,
				52EC33EBB3A840618242B515 /* Poppins-Regular.ttf */,
				FA7E5E1368274615AA5F7F60 /* Poppins-SemiBold.ttf */,
				ACA02740971B4FB79DD9C9C4 /* Poppins-SemiBoldItalic.ttf */,
				A8F67DF58BF5411EA3C89654 /* Poppins-Thin.ttf */,
				94039CB7B9EE4B8D85867E2D /* Poppins-ThinItalic.ttf */,
				2BC22B64A3D242A3A037D6D0 /* Roboto-Black.ttf */,
				8CB845C048C04AC7B92387D8 /* Roboto-BlackItalic.ttf */,
				033380BB5FAF4015BC6AA074 /* Roboto-Bold.ttf */,
				65C6D28D846846C0B5783357 /* Roboto-BoldItalic.ttf */,
				48342BB0FE2B456EB6927BB5 /* Roboto-Italic.ttf */,
				C132F835D16E4010AC6281EE /* Roboto-Light.ttf */,
				D3C629A10F7B47489B9B7B4F /* Roboto-LightItalic.ttf */,
				FABC5DD387F84B2A8ABC71D7 /* Roboto-Medium.ttf */,
				236843205C99468F9589CA7D /* Roboto-MediumItalic.ttf */,
				047EC8F1BA454D6881EA11A3 /* Roboto-Regular.ttf */,
				7E2C5B416BD7482BA7C65B94 /* Roboto-Thin.ttf */,
				413841C824794DD39C8F4BDD /* Roboto-ThinItalic.ttf */,
				A0D9724CBC2F480184528158 /* LogoAsiaSoft.png */,
				469E1D33A20E4CB6AF767006 /* splash_icon.png */,
			);
			name = Resources;
			sourceTree = "<group>";
		};
/* End PBXGroup section */

/* Begin PBXNativeTarget section */
		00E356ED1AD99517003FC87E /* HNC_AsiaSoftTests */ = {
			isa = PBXNativeTarget;
			buildConfigurationList = 00E357021AD99517003FC87E /* Build configuration list for PBXNativeTarget "HNC_AsiaSoftTests" */;
			buildPhases = (
				801A25C1A34FE54650D7D3EB /* [CP] Check Pods Manifest.lock */,
				00E356EA1AD99517003FC87E /* Sources */,
				00E356EB1AD99517003FC87E /* Frameworks */,
				00E356EC1AD99517003FC87E /* Resources */,
				25DA9C005666E6FF6259E163 /* [CP] Embed Pods Frameworks */,
				C5F141C303B933EF6878156C /* [CP] Copy Pods Resources */,
			);
			buildRules = (
			);
			dependencies = (
				00E356F51AD99517003FC87E /* PBXTargetDependency */,
			);
			name = HNC_AsiaSoftTests;
			productName = HNC_AsiaSoftTests;
			productReference = 00E356EE1AD99517003FC87E /* HNC_AsiaSoftTests.xctest */;
			productType = "com.apple.product-type.bundle.unit-test";
		};
		13B07F861A680F5B00A75B9A /* HNC_AsiaSoft */ = {
			isa = PBXNativeTarget;
			buildConfigurationList = 13B07F931A680F5B00A75B9A /* Build configuration list for PBXNativeTarget "HNC_AsiaSoft" */;
			buildPhases = (
				657D4A9D125934317EC706E1 /* [CP] Check Pods Manifest.lock */,
				FD10A7F022414F080027D42C /* Start Packager */,
				13B07F871A680F5B00A75B9A /* Sources */,
				13B07F8C1A680F5B00A75B9A /* Frameworks */,
				13B07F8E1A680F5B00A75B9A /* Resources */,
				00DD1BFF1BD5951E006B06BC /* Bundle React Native code and images */,
				E2215194D50B98CF3FA7A8EB /* [CP] Embed Pods Frameworks */,
				1D63A907A6CE49683DC850D7 /* [CP] Copy Pods Resources */,
			);
			buildRules = (
			);
			dependencies = (
			);
			name = HNC_AsiaSoft;
			productName = HNC_AsiaSoft;
			productReference = 13B07F961A680F5B00A75B9A /* HNC_AsiaSoft.app */;
			productType = "com.apple.product-type.application";
		};
		2D02E47A1E0B4A5D006451C7 /* HNC_AsiaSoft-tvOS */ = {
			isa = PBXNativeTarget;
			buildConfigurationList = 2D02E4BA1E0B4A5E006451C7 /* Build configuration list for PBXNativeTarget "HNC_AsiaSoft-tvOS" */;
			buildPhases = (
				D79135E075BCE4C815891160 /* [CP] Check Pods Manifest.lock */,
				FD10A7F122414F3F0027D42C /* Start Packager */,
				2D02E4771E0B4A5D006451C7 /* Sources */,
				2D02E4781E0B4A5D006451C7 /* Frameworks */,
				2D02E4791E0B4A5D006451C7 /* Resources */,
				2D02E4CB1E0B4B27006451C7 /* Bundle React Native Code And Images */,
			);
			buildRules = (
			);
			dependencies = (
			);
			name = "HNC_AsiaSoft-tvOS";
			productName = "HNC_AsiaSoft-tvOS";
			productReference = 2D02E47B1E0B4A5D006451C7 /* HNC_AsiaSoft-tvOS.app */;
			productType = "com.apple.product-type.application";
		};
		2D02E48F1E0B4A5D006451C7 /* HNC_AsiaSoft-tvOSTests */ = {
			isa = PBXNativeTarget;
			buildConfigurationList = 2D02E4BB1E0B4A5E006451C7 /* Build configuration list for PBXNativeTarget "HNC_AsiaSoft-tvOSTests" */;
			buildPhases = (
				092832ACE6C4A6DC981BA134 /* [CP] Check Pods Manifest.lock */,
				2D02E48C1E0B4A5D006451C7 /* Sources */,
				2D02E48D1E0B4A5D006451C7 /* Frameworks */,
				2D02E48E1E0B4A5D006451C7 /* Resources */,
			);
			buildRules = (
			);
			dependencies = (
				2D02E4921E0B4A5D006451C7 /* PBXTargetDependency */,
			);
			name = "HNC_AsiaSoft-tvOSTests";
			productName = "HNC_AsiaSoft-tvOSTests";
			productReference = 2D02E4901E0B4A5D006451C7 /* HNC_AsiaSoft-tvOSTests.xctest */;
			productType = "com.apple.product-type.bundle.unit-test";
		};
/* End PBXNativeTarget section */

/* Begin PBXProject section */
		83CBB9F71A601CBA00E9B192 /* Project object */ = {
			isa = PBXProject;
			attributes = {
				LastUpgradeCheck = 1130;
				TargetAttributes = {
					00E356ED1AD99517003FC87E = {
						CreatedOnToolsVersion = 6.2;
						TestTargetID = 13B07F861A680F5B00A75B9A;
					};
					13B07F861A680F5B00A75B9A = {
						DevelopmentTeam = GC9HUNQXAS;
						LastSwiftMigration = 1120;
					};
					2D02E47A1E0B4A5D006451C7 = {
						CreatedOnToolsVersion = 8.2.1;
						ProvisioningStyle = Automatic;
					};
					2D02E48F1E0B4A5D006451C7 = {
						CreatedOnToolsVersion = 8.2.1;
						ProvisioningStyle = Automatic;
						TestTargetID = 2D02E47A1E0B4A5D006451C7;
					};
				};
			};
			buildConfigurationList = 83CBB9FA1A601CBA00E9B192 /* Build configuration list for PBXProject "HNC_AsiaSoft" */;
			compatibilityVersion = "Xcode 3.2";
			developmentRegion = en;
			hasScannedForEncodings = 0;
			knownRegions = (
				en,
				Base,
			);
			mainGroup = 83CBB9F61A601CBA00E9B192;
			productRefGroup = 83CBBA001A601CBA00E9B192 /* Products */;
			projectDirPath = "";
			projectRoot = "";
			targets = (
				13B07F861A680F5B00A75B9A /* HNC_AsiaSoft */,
				00E356ED1AD99517003FC87E /* HNC_AsiaSoftTests */,
				2D02E47A1E0B4A5D006451C7 /* HNC_AsiaSoft-tvOS */,
				2D02E48F1E0B4A5D006451C7 /* HNC_AsiaSoft-tvOSTests */,
			);
		};
/* End PBXProject section */

/* Begin PBXResourcesBuildPhase section */
		00E356EC1AD99517003FC87E /* Resources */ = {
			isa = PBXResourcesBuildPhase;
			buildActionMask = 2147483647;
			files = (
			);
			runOnlyForDeploymentPostprocessing = 0;
		};
		13B07F8E1A680F5B00A75B9A /* Resources */ = {
			isa = PBXResourcesBuildPhase;
			buildActionMask = 2147483647;
			files = (
				81AB9BB82411601600AC10FF /* LaunchScreen.storyboard in Resources */,
				13B07FBF1A68108700A75B9A /* Images.xcassets in Resources */,
				D095032289934560B1ABB1DE /* Poppins-Black.ttf in Resources */,
				FCC3532D68884313984ECE0D /* Poppins-BlackItalic.ttf in Resources */,
				A5C7EF3BB50547C485F5414B /* Poppins-Bold.ttf in Resources */,
				42B16B061F1642F483108F93 /* Poppins-BoldItalic.ttf in Resources */,
				B38E7EC189A74060BE719C0D /* Poppins-ExtraBold.ttf in Resources */,
				3F67FAC401CB4A6388E4A2E9 /* Poppins-ExtraBoldItalic.ttf in Resources */,
				A62CBF31C97B41359E7C8BC4 /* Poppins-ExtraLight.ttf in Resources */,
				53074CE3EFE2414FB4ABC018 /* Poppins-ExtraLightItalic.ttf in Resources */,
				4E19ED6EFFDE4178B57C5C8B /* Poppins-Italic.ttf in Resources */,
				BA10A0CCFDD2413494F65112 /* Poppins-Light.ttf in Resources */,
				EF8C737C898D471CBF4442A2 /* Poppins-LightItalic.ttf in Resources */,
				EE5B95F9F54D4C5DB00EDEBB /* Poppins-Medium.ttf in Resources */,
				581A2C8151F944E6899E104B /* Poppins-MediumItalic.ttf in Resources */,
				08FE1A21E9E24BAA8DF5D74A /* Poppins-Regular.ttf in Resources */,
				A37ED78476BA4182AEA163A6 /* Poppins-SemiBold.ttf in Resources */,
				0296A214D105440F82E1A594 /* Poppins-SemiBoldItalic.ttf in Resources */,
				8334DBEA22DF486CB6E756A3 /* Poppins-Thin.ttf in Resources */,
				E94B893C0C134BF9997DC4F8 /* Poppins-ThinItalic.ttf in Resources */,
				B0B7CC6DEF0B46ECB97FA042 /* Roboto-Black.ttf in Resources */,
				7676F31C6A1445D28FC6AF2F /* Roboto-BlackItalic.ttf in Resources */,
				1F38366A8A174BB5B5D0CC3F /* Roboto-Bold.ttf in Resources */,
				DF68D37EC95D47A0891B230D /* Roboto-BoldItalic.ttf in Resources */,
				6F73683F7B47401890C5A6AB /* Roboto-Italic.ttf in Resources */,
				4FF3821FDBA04E07A7902B04 /* Roboto-Light.ttf in Resources */,
				5EA9E41DC4044368B75A4590 /* Roboto-LightItalic.ttf in Resources */,
				6D259F581DC64407AF62FBAA /* Roboto-Medium.ttf in Resources */,
				DDA69BB3C478483487760328 /* Roboto-MediumItalic.ttf in Resources */,
				BC4C8326C2934CEDB228F6CB /* Roboto-Regular.ttf in Resources */,
				90B6CB766007434DA1D8B3D2 /* Roboto-Thin.ttf in Resources */,
				5269B38325FCF02700682830 /* AppCenter-Config.plist in Resources */,
				A11C6133531D4C2EA23B135D /* Roboto-ThinItalic.ttf in Resources */,
				ABD8BF77DF3D46AEBC864BC4 /* LogoAsiaSoft.png in Resources */,
				FC77E12C40654CB3B5806B54 /* splash_icon.png in Resources */,
			);
			runOnlyForDeploymentPostprocessing = 0;
		};
		2D02E4791E0B4A5D006451C7 /* Resources */ = {
			isa = PBXResourcesBuildPhase;
			buildActionMask = 2147483647;
			files = (
				2D02E4BD1E0B4A84006451C7 /* Images.xcassets in Resources */,
			);
			runOnlyForDeploymentPostprocessing = 0;
		};
		2D02E48E1E0B4A5D006451C7 /* Resources */ = {
			isa = PBXResourcesBuildPhase;
			buildActionMask = 2147483647;
			files = (
			);
			runOnlyForDeploymentPostprocessing = 0;
		};
/* End PBXResourcesBuildPhase section */

/* Begin PBXShellScriptBuildPhase section */
		00DD1BFF1BD5951E006B06BC /* Bundle React Native code and images */ = {
			isa = PBXShellScriptBuildPhase;
			buildActionMask = 2147483647;
			files = (
			);
			inputPaths = (
			);
			name = "Bundle React Native code and images";
			outputPaths = (
			);
			runOnlyForDeploymentPostprocessing = 0;
			shellPath = /bin/sh;
			shellScript = "export NODE_BINARY=node\n../node_modules/react-native/scripts/react-native-xcode.sh";
		};
		092832ACE6C4A6DC981BA134 /* [CP] Check Pods Manifest.lock */ = {
			isa = PBXShellScriptBuildPhase;
			buildActionMask = 2147483647;
			files = (
			);
			inputFileListPaths = (
			);
			inputPaths = (
				"${PODS_PODFILE_DIR_PATH}/Podfile.lock",
				"${PODS_ROOT}/Manifest.lock",
			);
			name = "[CP] Check Pods Manifest.lock";
			outputFileListPaths = (
			);
			outputPaths = (
				"$(DERIVED_FILE_DIR)/Pods-HNC_AsiaSoft-tvOSTests-checkManifestLockResult.txt",
			);
			runOnlyForDeploymentPostprocessing = 0;
			shellPath = /bin/sh;
			shellScript = "diff \"${PODS_PODFILE_DIR_PATH}/Podfile.lock\" \"${PODS_ROOT}/Manifest.lock\" > /dev/null\nif [ $? != 0 ] ; then\n    # print error to STDERR\n    echo \"error: The sandbox is not in sync with the Podfile.lock. Run 'pod install' or update your CocoaPods installation.\" >&2\n    exit 1\nfi\n# This output is used by Xcode 'outputs' to avoid re-running this script phase.\necho \"SUCCESS\" > \"${SCRIPT_OUTPUT_FILE_0}\"\n";
			showEnvVarsInLog = 0;
		};
		1D63A907A6CE49683DC850D7 /* [CP] Copy Pods Resources */ = {
			isa = PBXShellScriptBuildPhase;
			buildActionMask = 2147483647;
			files = (
			);
			inputPaths = (
				"${PODS_ROOT}/Target Support Files/Pods-HNC_AsiaSoft/Pods-HNC_AsiaSoft-resources.sh",
				"${PODS_ROOT}/../../node_modules/react-native-vector-icons/Fonts/AntDesign.ttf",
				"${PODS_ROOT}/../../node_modules/react-native-vector-icons/Fonts/Entypo.ttf",
				"${PODS_ROOT}/../../node_modules/react-native-vector-icons/Fonts/EvilIcons.ttf",
				"${PODS_ROOT}/../../node_modules/react-native-vector-icons/Fonts/Feather.ttf",
				"${PODS_ROOT}/../../node_modules/react-native-vector-icons/Fonts/FontAwesome.ttf",
				"${PODS_ROOT}/../../node_modules/react-native-vector-icons/Fonts/FontAwesome5_Brands.ttf",
				"${PODS_ROOT}/../../node_modules/react-native-vector-icons/Fonts/FontAwesome5_Regular.ttf",
				"${PODS_ROOT}/../../node_modules/react-native-vector-icons/Fonts/FontAwesome5_Solid.ttf",
				"${PODS_ROOT}/../../node_modules/react-native-vector-icons/Fonts/Fontisto.ttf",
				"${PODS_ROOT}/../../node_modules/react-native-vector-icons/Fonts/Foundation.ttf",
				"${PODS_ROOT}/../../node_modules/react-native-vector-icons/Fonts/Ionicons.ttf",
				"${PODS_ROOT}/../../node_modules/react-native-vector-icons/Fonts/MaterialCommunityIcons.ttf",
				"${PODS_ROOT}/../../node_modules/react-native-vector-icons/Fonts/MaterialIcons.ttf",
				"${PODS_ROOT}/../../node_modules/react-native-vector-icons/Fonts/Octicons.ttf",
				"${PODS_ROOT}/../../node_modules/react-native-vector-icons/Fonts/SimpleLineIcons.ttf",
				"${PODS_ROOT}/../../node_modules/react-native-vector-icons/Fonts/Zocial.ttf",
				"${PODS_CONFIGURATION_BUILD_DIR}/React-Core/AccessibilityResources.bundle",
			);
			name = "[CP] Copy Pods Resources";
			outputPaths = (
				"${TARGET_BUILD_DIR}/${UNLOCALIZED_RESOURCES_FOLDER_PATH}/AntDesign.ttf",
				"${TARGET_BUILD_DIR}/${UNLOCALIZED_RESOURCES_FOLDER_PATH}/Entypo.ttf",
				"${TARGET_BUILD_DIR}/${UNLOCALIZED_RESOURCES_FOLDER_PATH}/EvilIcons.ttf",
				"${TARGET_BUILD_DIR}/${UNLOCALIZED_RESOURCES_FOLDER_PATH}/Feather.ttf",
				"${TARGET_BUILD_DIR}/${UNLOCALIZED_RESOURCES_FOLDER_PATH}/FontAwesome.ttf",
				"${TARGET_BUILD_DIR}/${UNLOCALIZED_RESOURCES_FOLDER_PATH}/FontAwesome5_Brands.ttf",
				"${TARGET_BUILD_DIR}/${UNLOCALIZED_RESOURCES_FOLDER_PATH}/FontAwesome5_Regular.ttf",
				"${TARGET_BUILD_DIR}/${UNLOCALIZED_RESOURCES_FOLDER_PATH}/FontAwesome5_Solid.ttf",
				"${TARGET_BUILD_DIR}/${UNLOCALIZED_RESOURCES_FOLDER_PATH}/Fontisto.ttf",
				"${TARGET_BUILD_DIR}/${UNLOCALIZED_RESOURCES_FOLDER_PATH}/Foundation.ttf",
				"${TARGET_BUILD_DIR}/${UNLOCALIZED_RESOURCES_FOLDER_PATH}/Ionicons.ttf",
				"${TARGET_BUILD_DIR}/${UNLOCALIZED_RESOURCES_FOLDER_PATH}/MaterialCommunityIcons.ttf",
				"${TARGET_BUILD_DIR}/${UNLOCALIZED_RESOURCES_FOLDER_PATH}/MaterialIcons.ttf",
				"${TARGET_BUILD_DIR}/${UNLOCALIZED_RESOURCES_FOLDER_PATH}/Octicons.ttf",
				"${TARGET_BUILD_DIR}/${UNLOCALIZED_RESOURCES_FOLDER_PATH}/SimpleLineIcons.ttf",
				"${TARGET_BUILD_DIR}/${UNLOCALIZED_RESOURCES_FOLDER_PATH}/Zocial.ttf",
				"${TARGET_BUILD_DIR}/${UNLOCALIZED_RESOURCES_FOLDER_PATH}/AccessibilityResources.bundle",
			);
			runOnlyForDeploymentPostprocessing = 0;
			shellPath = /bin/sh;
			shellScript = "\"${PODS_ROOT}/Target Support Files/Pods-HNC_AsiaSoft/Pods-HNC_AsiaSoft-resources.sh\"\n";
			showEnvVarsInLog = 0;
		};
		25DA9C005666E6FF6259E163 /* [CP] Embed Pods Frameworks */ = {
			isa = PBXShellScriptBuildPhase;
			buildActionMask = 2147483647;
			files = (
			);
			inputPaths = (
				"${PODS_ROOT}/Target Support Files/Pods-HNC_AsiaSoft-HNC_AsiaSoftTests/Pods-HNC_AsiaSoft-HNC_AsiaSoftTests-frameworks.sh",
				"${PODS_XCFRAMEWORKS_BUILD_DIR}/OpenSSL/OpenSSL.framework/OpenSSL",
			);
			name = "[CP] Embed Pods Frameworks";
			outputPaths = (
				"${TARGET_BUILD_DIR}/${FRAMEWORKS_FOLDER_PATH}/OpenSSL.framework",
			);
			runOnlyForDeploymentPostprocessing = 0;
			shellPath = /bin/sh;
			shellScript = "\"${PODS_ROOT}/Target Support Files/Pods-HNC_AsiaSoft-HNC_AsiaSoftTests/Pods-HNC_AsiaSoft-HNC_AsiaSoftTests-frameworks.sh\"\n";
			showEnvVarsInLog = 0;
		};
		2D02E4CB1E0B4B27006451C7 /* Bundle React Native Code And Images */ = {
			isa = PBXShellScriptBuildPhase;
			buildActionMask = 2147483647;
			files = (
			);
			inputPaths = (
			);
			name = "Bundle React Native Code And Images";
			outputPaths = (
			);
			runOnlyForDeploymentPostprocessing = 0;
			shellPath = /bin/sh;
			shellScript = "export NODE_BINARY=node\n../node_modules/react-native/scripts/react-native-xcode.sh";
		};
		657D4A9D125934317EC706E1 /* [CP] Check Pods Manifest.lock */ = {
			isa = PBXShellScriptBuildPhase;
			buildActionMask = 2147483647;
			files = (
			);
			inputFileListPaths = (
			);
			inputPaths = (
				"${PODS_PODFILE_DIR_PATH}/Podfile.lock",
				"${PODS_ROOT}/Manifest.lock",
			);
			name = "[CP] Check Pods Manifest.lock";
			outputFileListPaths = (
			);
			outputPaths = (
				"$(DERIVED_FILE_DIR)/Pods-HNC_AsiaSoft-checkManifestLockResult.txt",
			);
			runOnlyForDeploymentPostprocessing = 0;
			shellPath = /bin/sh;
			shellScript = "diff \"${PODS_PODFILE_DIR_PATH}/Podfile.lock\" \"${PODS_ROOT}/Manifest.lock\" > /dev/null\nif [ $? != 0 ] ; then\n    # print error to STDERR\n    echo \"error: The sandbox is not in sync with the Podfile.lock. Run 'pod install' or update your CocoaPods installation.\" >&2\n    exit 1\nfi\n# This output is used by Xcode 'outputs' to avoid re-running this script phase.\necho \"SUCCESS\" > \"${SCRIPT_OUTPUT_FILE_0}\"\n";
			showEnvVarsInLog = 0;
		};
		801A25C1A34FE54650D7D3EB /* [CP] Check Pods Manifest.lock */ = {
			isa = PBXShellScriptBuildPhase;
			buildActionMask = 2147483647;
			files = (
			);
			inputFileListPaths = (
			);
			inputPaths = (
				"${PODS_PODFILE_DIR_PATH}/Podfile.lock",
				"${PODS_ROOT}/Manifest.lock",
			);
			name = "[CP] Check Pods Manifest.lock";
			outputFileListPaths = (
			);
			outputPaths = (
				"$(DERIVED_FILE_DIR)/Pods-HNC_AsiaSoft-HNC_AsiaSoftTests-checkManifestLockResult.txt",
			);
			runOnlyForDeploymentPostprocessing = 0;
			shellPath = /bin/sh;
			shellScript = "diff \"${PODS_PODFILE_DIR_PATH}/Podfile.lock\" \"${PODS_ROOT}/Manifest.lock\" > /dev/null\nif [ $? != 0 ] ; then\n    # print error to STDERR\n    echo \"error: The sandbox is not in sync with the Podfile.lock. Run 'pod install' or update your CocoaPods installation.\" >&2\n    exit 1\nfi\n# This output is used by Xcode 'outputs' to avoid re-running this script phase.\necho \"SUCCESS\" > \"${SCRIPT_OUTPUT_FILE_0}\"\n";
			showEnvVarsInLog = 0;
		};
		C5F141C303B933EF6878156C /* [CP] Copy Pods Resources */ = {
			isa = PBXShellScriptBuildPhase;
			buildActionMask = 2147483647;
			files = (
			);
			inputPaths = (
				"${PODS_ROOT}/Target Support Files/Pods-HNC_AsiaSoft-HNC_AsiaSoftTests/Pods-HNC_AsiaSoft-HNC_AsiaSoftTests-resources.sh",
				"${PODS_ROOT}/../../node_modules/react-native-vector-icons/Fonts/AntDesign.ttf",
				"${PODS_ROOT}/../../node_modules/react-native-vector-icons/Fonts/Entypo.ttf",
				"${PODS_ROOT}/../../node_modules/react-native-vector-icons/Fonts/EvilIcons.ttf",
				"${PODS_ROOT}/../../node_modules/react-native-vector-icons/Fonts/Feather.ttf",
				"${PODS_ROOT}/../../node_modules/react-native-vector-icons/Fonts/FontAwesome.ttf",
				"${PODS_ROOT}/../../node_modules/react-native-vector-icons/Fonts/FontAwesome5_Brands.ttf",
				"${PODS_ROOT}/../../node_modules/react-native-vector-icons/Fonts/FontAwesome5_Regular.ttf",
				"${PODS_ROOT}/../../node_modules/react-native-vector-icons/Fonts/FontAwesome5_Solid.ttf",
				"${PODS_ROOT}/../../node_modules/react-native-vector-icons/Fonts/Fontisto.ttf",
				"${PODS_ROOT}/../../node_modules/react-native-vector-icons/Fonts/Foundation.ttf",
				"${PODS_ROOT}/../../node_modules/react-native-vector-icons/Fonts/Ionicons.ttf",
				"${PODS_ROOT}/../../node_modules/react-native-vector-icons/Fonts/MaterialCommunityIcons.ttf",
				"${PODS_ROOT}/../../node_modules/react-native-vector-icons/Fonts/MaterialIcons.ttf",
				"${PODS_ROOT}/../../node_modules/react-native-vector-icons/Fonts/Octicons.ttf",
				"${PODS_ROOT}/../../node_modules/react-native-vector-icons/Fonts/SimpleLineIcons.ttf",
				"${PODS_ROOT}/../../node_modules/react-native-vector-icons/Fonts/Zocial.ttf",
				"${PODS_CONFIGURATION_BUILD_DIR}/React-Core/AccessibilityResources.bundle",
			);
			name = "[CP] Copy Pods Resources";
			outputPaths = (
				"${TARGET_BUILD_DIR}/${UNLOCALIZED_RESOURCES_FOLDER_PATH}/AntDesign.ttf",
				"${TARGET_BUILD_DIR}/${UNLOCALIZED_RESOURCES_FOLDER_PATH}/Entypo.ttf",
				"${TARGET_BUILD_DIR}/${UNLOCALIZED_RESOURCES_FOLDER_PATH}/EvilIcons.ttf",
				"${TARGET_BUILD_DIR}/${UNLOCALIZED_RESOURCES_FOLDER_PATH}/Feather.ttf",
				"${TARGET_BUILD_DIR}/${UNLOCALIZED_RESOURCES_FOLDER_PATH}/FontAwesome.ttf",
				"${TARGET_BUILD_DIR}/${UNLOCALIZED_RESOURCES_FOLDER_PATH}/FontAwesome5_Brands.ttf",
				"${TARGET_BUILD_DIR}/${UNLOCALIZED_RESOURCES_FOLDER_PATH}/FontAwesome5_Regular.ttf",
				"${TARGET_BUILD_DIR}/${UNLOCALIZED_RESOURCES_FOLDER_PATH}/FontAwesome5_Solid.ttf",
				"${TARGET_BUILD_DIR}/${UNLOCALIZED_RESOURCES_FOLDER_PATH}/Fontisto.ttf",
				"${TARGET_BUILD_DIR}/${UNLOCALIZED_RESOURCES_FOLDER_PATH}/Foundation.ttf",
				"${TARGET_BUILD_DIR}/${UNLOCALIZED_RESOURCES_FOLDER_PATH}/Ionicons.ttf",
				"${TARGET_BUILD_DIR}/${UNLOCALIZED_RESOURCES_FOLDER_PATH}/MaterialCommunityIcons.ttf",
				"${TARGET_BUILD_DIR}/${UNLOCALIZED_RESOURCES_FOLDER_PATH}/MaterialIcons.ttf",
				"${TARGET_BUILD_DIR}/${UNLOCALIZED_RESOURCES_FOLDER_PATH}/Octicons.ttf",
				"${TARGET_BUILD_DIR}/${UNLOCALIZED_RESOURCES_FOLDER_PATH}/SimpleLineIcons.ttf",
				"${TARGET_BUILD_DIR}/${UNLOCALIZED_RESOURCES_FOLDER_PATH}/Zocial.ttf",
				"${TARGET_BUILD_DIR}/${UNLOCALIZED_RESOURCES_FOLDER_PATH}/AccessibilityResources.bundle",
			);
			runOnlyForDeploymentPostprocessing = 0;
			shellPath = /bin/sh;
			shellScript = "\"${PODS_ROOT}/Target Support Files/Pods-HNC_AsiaSoft-HNC_AsiaSoftTests/Pods-HNC_AsiaSoft-HNC_AsiaSoftTests-resources.sh\"\n";
			showEnvVarsInLog = 0;
		};
		D79135E075BCE4C815891160 /* [CP] Check Pods Manifest.lock */ = {
			isa = PBXShellScriptBuildPhase;
			buildActionMask = 2147483647;
			files = (
			);
			inputFileListPaths = (
			);
			inputPaths = (
				"${PODS_PODFILE_DIR_PATH}/Podfile.lock",
				"${PODS_ROOT}/Manifest.lock",
			);
			name = "[CP] Check Pods Manifest.lock";
			outputFileListPaths = (
			);
			outputPaths = (
				"$(DERIVED_FILE_DIR)/Pods-HNC_AsiaSoft-tvOS-checkManifestLockResult.txt",
			);
			runOnlyForDeploymentPostprocessing = 0;
			shellPath = /bin/sh;
			shellScript = "diff \"${PODS_PODFILE_DIR_PATH}/Podfile.lock\" \"${PODS_ROOT}/Manifest.lock\" > /dev/null\nif [ $? != 0 ] ; then\n    # print error to STDERR\n    echo \"error: The sandbox is not in sync with the Podfile.lock. Run 'pod install' or update your CocoaPods installation.\" >&2\n    exit 1\nfi\n# This output is used by Xcode 'outputs' to avoid re-running this script phase.\necho \"SUCCESS\" > \"${SCRIPT_OUTPUT_FILE_0}\"\n";
			showEnvVarsInLog = 0;
		};
		E2215194D50B98CF3FA7A8EB /* [CP] Embed Pods Frameworks */ = {
			isa = PBXShellScriptBuildPhase;
			buildActionMask = 2147483647;
			files = (
			);
			inputPaths = (
				"${PODS_ROOT}/Target Support Files/Pods-HNC_AsiaSoft/Pods-HNC_AsiaSoft-frameworks.sh",
				"${PODS_XCFRAMEWORKS_BUILD_DIR}/OpenSSL/OpenSSL.framework/OpenSSL",
			);
			name = "[CP] Embed Pods Frameworks";
			outputPaths = (
				"${TARGET_BUILD_DIR}/${FRAMEWORKS_FOLDER_PATH}/OpenSSL.framework",
			);
			runOnlyForDeploymentPostprocessing = 0;
			shellPath = /bin/sh;
			shellScript = "\"${PODS_ROOT}/Target Support Files/Pods-HNC_AsiaSoft/Pods-HNC_AsiaSoft-frameworks.sh\"\n";
			showEnvVarsInLog = 0;
		};
		FD10A7F022414F080027D42C /* Start Packager */ = {
			isa = PBXShellScriptBuildPhase;
			buildActionMask = 2147483647;
			files = (
			);
			inputFileListPaths = (
			);
			inputPaths = (
			);
			name = "Start Packager";
			outputFileListPaths = (
			);
			outputPaths = (
			);
			runOnlyForDeploymentPostprocessing = 0;
			shellPath = /bin/sh;
			shellScript = "export RCT_METRO_PORT=\"${RCT_METRO_PORT:=8081}\"\necho \"export RCT_METRO_PORT=${RCT_METRO_PORT}\" > \"${SRCROOT}/../node_modules/react-native/scripts/.packager.env\"\nif [ -z \"${RCT_NO_LAUNCH_PACKAGER+xxx}\" ] ; then\n  if nc -w 5 -z localhost ${RCT_METRO_PORT} ; then\n    if ! curl -s \"http://localhost:${RCT_METRO_PORT}/status\" | grep -q \"packager-status:running\" ; then\n      echo \"Port ${RCT_METRO_PORT} already in use, packager is either not running or not running correctly\"\n      exit 2\n    fi\n  else\n    open \"$SRCROOT/../node_modules/react-native/scripts/launchPackager.command\" || echo \"Can't start packager automatically\"\n  fi\nfi\n";
			showEnvVarsInLog = 0;
		};
		FD10A7F122414F3F0027D42C /* Start Packager */ = {
			isa = PBXShellScriptBuildPhase;
			buildActionMask = 2147483647;
			files = (
			);
			inputFileListPaths = (
			);
			inputPaths = (
			);
			name = "Start Packager";
			outputFileListPaths = (
			);
			outputPaths = (
			);
			runOnlyForDeploymentPostprocessing = 0;
			shellPath = /bin/sh;
			shellScript = "export RCT_METRO_PORT=\"${RCT_METRO_PORT:=8081}\"\necho \"export RCT_METRO_PORT=${RCT_METRO_PORT}\" > \"${SRCROOT}/../node_modules/react-native/scripts/.packager.env\"\nif [ -z \"${RCT_NO_LAUNCH_PACKAGER+xxx}\" ] ; then\n  if nc -w 5 -z localhost ${RCT_METRO_PORT} ; then\n    if ! curl -s \"http://localhost:${RCT_METRO_PORT}/status\" | grep -q \"packager-status:running\" ; then\n      echo \"Port ${RCT_METRO_PORT} already in use, packager is either not running or not running correctly\"\n      exit 2\n    fi\n  else\n    open \"$SRCROOT/../node_modules/react-native/scripts/launchPackager.command\" || echo \"Can't start packager automatically\"\n  fi\nfi\n";
			showEnvVarsInLog = 0;
		};
/* End PBXShellScriptBuildPhase section */

/* Begin PBXSourcesBuildPhase section */
		00E356EA1AD99517003FC87E /* Sources */ = {
			isa = PBXSourcesBuildPhase;
			buildActionMask = 2147483647;
			files = (
				00E356F31AD99517003FC87E /* HNC_AsiaSoftTests.m in Sources */,
			);
			runOnlyForDeploymentPostprocessing = 0;
		};
		13B07F871A680F5B00A75B9A /* Sources */ = {
			isa = PBXSourcesBuildPhase;
			buildActionMask = 2147483647;
			files = (
				13B07FBC1A68108700A75B9A /* AppDelegate.m in Sources */,
				13B07FC11A68108700A75B9A /* main.m in Sources */,
			);
			runOnlyForDeploymentPostprocessing = 0;
		};
		2D02E4771E0B4A5D006451C7 /* Sources */ = {
			isa = PBXSourcesBuildPhase;
			buildActionMask = 2147483647;
			files = (
				2D02E4BF1E0B4AB3006451C7 /* main.m in Sources */,
				2D02E4BC1E0B4A80006451C7 /* AppDelegate.m in Sources */,
			);
			runOnlyForDeploymentPostprocessing = 0;
		};
		2D02E48C1E0B4A5D006451C7 /* Sources */ = {
			isa = PBXSourcesBuildPhase;
			buildActionMask = 2147483647;
			files = (
				2DCD954D1E0B4F2C00145EB5 /* HNC_AsiaSoftTests.m in Sources */,
			);
			runOnlyForDeploymentPostprocessing = 0;
		};
/* End PBXSourcesBuildPhase section */

/* Begin PBXTargetDependency section */
		00E356F51AD99517003FC87E /* PBXTargetDependency */ = {
			isa = PBXTargetDependency;
			target = 13B07F861A680F5B00A75B9A /* HNC_AsiaSoft */;
			targetProxy = 00E356F41AD99517003FC87E /* PBXContainerItemProxy */;
		};
		2D02E4921E0B4A5D006451C7 /* PBXTargetDependency */ = {
			isa = PBXTargetDependency;
			target = 2D02E47A1E0B4A5D006451C7 /* HNC_AsiaSoft-tvOS */;
			targetProxy = 2D02E4911E0B4A5D006451C7 /* PBXContainerItemProxy */;
		};
/* End PBXTargetDependency section */

/* Begin XCBuildConfiguration section */
		00E356F61AD99517003FC87E /* Debug */ = {
			isa = XCBuildConfiguration;
			baseConfigurationReference = 08EFEB8D1BF5D5F4C343BA8A /* Pods-HNC_AsiaSoft-HNC_AsiaSoftTests.debug.xcconfig */;
			buildSettings = {
				BUNDLE_LOADER = "$(TEST_HOST)";
				GCC_PREPROCESSOR_DEFINITIONS = (
					"DEBUG=1",
					"$(inherited)",
				);
				INFOPLIST_FILE = HNC_AsiaSoftTests/Info.plist;
				IPHONEOS_DEPLOYMENT_TARGET = 10.0;
				LD_RUNPATH_SEARCH_PATHS = "$(inherited) @executable_path/Frameworks @loader_path/Frameworks";
				OTHER_LDFLAGS = (
					"-ObjC",
					"-lc++",
					"$(inherited)",
				);
				PRODUCT_BUNDLE_IDENTIFIER = "org.reactjs.native.example.$(PRODUCT_NAME:rfc1034identifier)";
				PRODUCT_NAME = "$(TARGET_NAME)";
				TEST_HOST = "$(BUILT_PRODUCTS_DIR)/HNC_AsiaSoft.app/HNC_AsiaSoft";
			};
			name = Debug;
		};
		00E356F71AD99517003FC87E /* Release */ = {
			isa = XCBuildConfiguration;
			baseConfigurationReference = 95A15363646E527FD2853F1D /* Pods-HNC_AsiaSoft-HNC_AsiaSoftTests.release.xcconfig */;
			buildSettings = {
				BUNDLE_LOADER = "$(TEST_HOST)";
				COPY_PHASE_STRIP = NO;
				INFOPLIST_FILE = HNC_AsiaSoftTests/Info.plist;
				IPHONEOS_DEPLOYMENT_TARGET = 10.0;
				LD_RUNPATH_SEARCH_PATHS = "$(inherited) @executable_path/Frameworks @loader_path/Frameworks";
				OTHER_LDFLAGS = (
					"-ObjC",
					"-lc++",
					"$(inherited)",
				);
				PRODUCT_BUNDLE_IDENTIFIER = "org.reactjs.native.example.$(PRODUCT_NAME:rfc1034identifier)";
				PRODUCT_NAME = "$(TARGET_NAME)";
				TEST_HOST = "$(BUILT_PRODUCTS_DIR)/HNC_AsiaSoft.app/HNC_AsiaSoft";
			};
			name = Release;
		};
		13B07F941A680F5B00A75B9A /* Debug */ = {
			isa = XCBuildConfiguration;
			baseConfigurationReference = 87C89E726FBE6D076FA1B52F /* Pods-HNC_AsiaSoft.debug.xcconfig */;
			buildSettings = {
				ASSETCATALOG_COMPILER_APPICON_NAME = AppIcon;
				CLANG_ENABLE_MODULES = YES;
				CURRENT_PROJECT_VERSION = 3;
				DEVELOPMENT_TEAM = GC9HUNQXAS;
				ENABLE_BITCODE = NO;
				INFOPLIST_FILE = HNC_AsiaSoft/Info.plist;
				LD_RUNPATH_SEARCH_PATHS = "$(inherited) @executable_path/Frameworks";
				OTHER_LDFLAGS = (
					"$(inherited)",
					"-ObjC",
					"-lc++",
				);
				PRODUCT_BUNDLE_IDENTIFIER = com.asiasoft.hnc;
				PRODUCT_NAME = HNC_AsiaSoft;
				SWIFT_OPTIMIZATION_LEVEL = "-Onone";
				SWIFT_VERSION = 5.0;
				VERSIONING_SYSTEM = "apple-generic";
			};
			name = Debug;
		};
		13B07F951A680F5B00A75B9A /* Release */ = {
			isa = XCBuildConfiguration;
			baseConfigurationReference = 2D2D60F341369BE60ED3342A /* Pods-HNC_AsiaSoft.release.xcconfig */;
			buildSettings = {
				ASSETCATALOG_COMPILER_APPICON_NAME = AppIcon;
				CLANG_ENABLE_MODULES = YES;
				CURRENT_PROJECT_VERSION = 3;
				DEVELOPMENT_TEAM = GC9HUNQXAS;
				INFOPLIST_FILE = HNC_AsiaSoft/Info.plist;
				LD_RUNPATH_SEARCH_PATHS = "$(inherited) @executable_path/Frameworks";
				OTHER_LDFLAGS = (
					"$(inherited)",
					"-ObjC",
					"-lc++",
				);
				PRODUCT_BUNDLE_IDENTIFIER = com.asiasoft.hnc;
				PRODUCT_NAME = HNC_AsiaSoft;
				SWIFT_VERSION = 5.0;
				VERSIONING_SYSTEM = "apple-generic";
			};
			name = Release;
		};
		2D02E4971E0B4A5E006451C7 /* Debug */ = {
			isa = XCBuildConfiguration;
			baseConfigurationReference = 307242ED33C0F79BAB488374 /* Pods-HNC_AsiaSoft-tvOS.debug.xcconfig */;
			buildSettings = {
				ASSETCATALOG_COMPILER_APPICON_NAME = "App Icon & Top Shelf Image";
				ASSETCATALOG_COMPILER_LAUNCHIMAGE_NAME = LaunchImage;
				CLANG_ANALYZER_NONNULL = YES;
				CLANG_WARN_DOCUMENTATION_COMMENTS = YES;
				CLANG_WARN_INFINITE_RECURSION = YES;
				CLANG_WARN_SUSPICIOUS_MOVE = YES;
				DEBUG_INFORMATION_FORMAT = dwarf;
				ENABLE_TESTABILITY = YES;
				GCC_NO_COMMON_BLOCKS = YES;
				INFOPLIST_FILE = "HNC_AsiaSoft-tvOS/Info.plist";
				LD_RUNPATH_SEARCH_PATHS = "$(inherited) @executable_path/Frameworks";
				OTHER_LDFLAGS = (
					"$(inherited)",
					"-ObjC",
					"-lc++",
				);
				PRODUCT_BUNDLE_IDENTIFIER = "org.reactjs.native.example.HNC_AsiaSoft-tvOS";
				PRODUCT_NAME = "$(TARGET_NAME)";
				SDKROOT = appletvos;
				TARGETED_DEVICE_FAMILY = 3;
				TVOS_DEPLOYMENT_TARGET = 10.0;
			};
			name = Debug;
		};
		2D02E4981E0B4A5E006451C7 /* Release */ = {
			isa = XCBuildConfiguration;
			baseConfigurationReference = B873C7E320062B7FCF1AE3C7 /* Pods-HNC_AsiaSoft-tvOS.release.xcconfig */;
			buildSettings = {
				ASSETCATALOG_COMPILER_APPICON_NAME = "App Icon & Top Shelf Image";
				ASSETCATALOG_COMPILER_LAUNCHIMAGE_NAME = LaunchImage;
				CLANG_ANALYZER_NONNULL = YES;
				CLANG_WARN_DOCUMENTATION_COMMENTS = YES;
				CLANG_WARN_INFINITE_RECURSION = YES;
				CLANG_WARN_SUSPICIOUS_MOVE = YES;
				COPY_PHASE_STRIP = NO;
				DEBUG_INFORMATION_FORMAT = "dwarf-with-dsym";
				GCC_NO_COMMON_BLOCKS = YES;
				INFOPLIST_FILE = "HNC_AsiaSoft-tvOS/Info.plist";
				LD_RUNPATH_SEARCH_PATHS = "$(inherited) @executable_path/Frameworks";
				OTHER_LDFLAGS = (
					"$(inherited)",
					"-ObjC",
					"-lc++",
				);
				PRODUCT_BUNDLE_IDENTIFIER = "org.reactjs.native.example.HNC_AsiaSoft-tvOS";
				PRODUCT_NAME = "$(TARGET_NAME)";
				SDKROOT = appletvos;
				TARGETED_DEVICE_FAMILY = 3;
				TVOS_DEPLOYMENT_TARGET = 10.0;
			};
			name = Release;
		};
		2D02E4991E0B4A5E006451C7 /* Debug */ = {
			isa = XCBuildConfiguration;
			baseConfigurationReference = 0B8E5913F58D4670A49D72AE /* Pods-HNC_AsiaSoft-tvOSTests.debug.xcconfig */;
			buildSettings = {
				BUNDLE_LOADER = "$(TEST_HOST)";
				CLANG_ANALYZER_NONNULL = YES;
				CLANG_WARN_DOCUMENTATION_COMMENTS = YES;
				CLANG_WARN_INFINITE_RECURSION = YES;
				CLANG_WARN_SUSPICIOUS_MOVE = YES;
				DEBUG_INFORMATION_FORMAT = dwarf;
				ENABLE_TESTABILITY = YES;
				GCC_NO_COMMON_BLOCKS = YES;
				INFOPLIST_FILE = "HNC_AsiaSoft-tvOSTests/Info.plist";
				LD_RUNPATH_SEARCH_PATHS = "$(inherited) @executable_path/Frameworks @loader_path/Frameworks";
				OTHER_LDFLAGS = (
					"$(inherited)",
					"-ObjC",
					"-lc++",
				);
				PRODUCT_BUNDLE_IDENTIFIER = "org.reactjs.native.example.HNC_AsiaSoft-tvOSTests";
				PRODUCT_NAME = "$(TARGET_NAME)";
				SDKROOT = appletvos;
				TEST_HOST = "$(BUILT_PRODUCTS_DIR)/HNC_AsiaSoft-tvOS.app/HNC_AsiaSoft-tvOS";
				TVOS_DEPLOYMENT_TARGET = 10.1;
			};
			name = Debug;
		};
		2D02E49A1E0B4A5E006451C7 /* Release */ = {
			isa = XCBuildConfiguration;
			baseConfigurationReference = 0D17C8BB25ADB547F744002F /* Pods-HNC_AsiaSoft-tvOSTests.release.xcconfig */;
			buildSettings = {
				BUNDLE_LOADER = "$(TEST_HOST)";
				CLANG_ANALYZER_NONNULL = YES;
				CLANG_WARN_DOCUMENTATION_COMMENTS = YES;
				CLANG_WARN_INFINITE_RECURSION = YES;
				CLANG_WARN_SUSPICIOUS_MOVE = YES;
				COPY_PHASE_STRIP = NO;
				DEBUG_INFORMATION_FORMAT = "dwarf-with-dsym";
				GCC_NO_COMMON_BLOCKS = YES;
				INFOPLIST_FILE = "HNC_AsiaSoft-tvOSTests/Info.plist";
				LD_RUNPATH_SEARCH_PATHS = "$(inherited) @executable_path/Frameworks @loader_path/Frameworks";
				OTHER_LDFLAGS = (
					"$(inherited)",
					"-ObjC",
					"-lc++",
				);
				PRODUCT_BUNDLE_IDENTIFIER = "org.reactjs.native.example.HNC_AsiaSoft-tvOSTests";
				PRODUCT_NAME = "$(TARGET_NAME)";
				SDKROOT = appletvos;
				TEST_HOST = "$(BUILT_PRODUCTS_DIR)/HNC_AsiaSoft-tvOS.app/HNC_AsiaSoft-tvOS";
				TVOS_DEPLOYMENT_TARGET = 10.1;
			};
			name = Release;
		};
		83CBBA201A601CBA00E9B192 /* Debug */ = {
			isa = XCBuildConfiguration;
			buildSettings = {
				ALWAYS_SEARCH_USER_PATHS = NO;
				CLANG_ANALYZER_LOCALIZABILITY_NONLOCALIZED = YES;
				CLANG_CXX_LANGUAGE_STANDARD = "gnu++0x";
				CLANG_CXX_LIBRARY = "libc++";
				CLANG_ENABLE_MODULES = YES;
				CLANG_ENABLE_OBJC_ARC = YES;
				CLANG_WARN_BLOCK_CAPTURE_AUTORELEASING = YES;
				CLANG_WARN_BOOL_CONVERSION = YES;
				CLANG_WARN_COMMA = YES;
				CLANG_WARN_CONSTANT_CONVERSION = YES;
				CLANG_WARN_DEPRECATED_OBJC_IMPLEMENTATIONS = YES;
				CLANG_WARN_DIRECT_OBJC_ISA_USAGE = YES_ERROR;
				CLANG_WARN_EMPTY_BODY = YES;
				CLANG_WARN_ENUM_CONVERSION = YES;
				CLANG_WARN_INFINITE_RECURSION = YES;
				CLANG_WARN_INT_CONVERSION = YES;
				CLANG_WARN_NON_LITERAL_NULL_CONVERSION = YES;
				CLANG_WARN_OBJC_IMPLICIT_RETAIN_SELF = YES;
				CLANG_WARN_OBJC_LITERAL_CONVERSION = YES;
				CLANG_WARN_OBJC_ROOT_CLASS = YES_ERROR;
				CLANG_WARN_RANGE_LOOP_ANALYSIS = YES;
				CLANG_WARN_STRICT_PROTOTYPES = YES;
				CLANG_WARN_SUSPICIOUS_MOVE = YES;
				CLANG_WARN_UNREACHABLE_CODE = YES;
				CLANG_WARN__DUPLICATE_METHOD_MATCH = YES;
				"CODE_SIGN_IDENTITY[sdk=iphoneos*]" = "iPhone Developer";
				COPY_PHASE_STRIP = NO;
				ENABLE_STRICT_OBJC_MSGSEND = YES;
				ENABLE_TESTABILITY = YES;
				GCC_C_LANGUAGE_STANDARD = gnu99;
				GCC_DYNAMIC_NO_PIC = NO;
				GCC_NO_COMMON_BLOCKS = YES;
				GCC_OPTIMIZATION_LEVEL = 0;
				GCC_PREPROCESSOR_DEFINITIONS = (
					"DEBUG=1",
					"$(inherited)",
				);
				GCC_SYMBOLS_PRIVATE_EXTERN = NO;
				GCC_WARN_64_TO_32_BIT_CONVERSION = YES;
				GCC_WARN_ABOUT_RETURN_TYPE = YES_ERROR;
				GCC_WARN_UNDECLARED_SELECTOR = YES;
				GCC_WARN_UNINITIALIZED_AUTOS = YES_AGGRESSIVE;
				GCC_WARN_UNUSED_FUNCTION = YES;
				GCC_WARN_UNUSED_VARIABLE = YES;
				IPHONEOS_DEPLOYMENT_TARGET = 10.0;
				LD_RUNPATH_SEARCH_PATHS = "/usr/lib/swift $(inherited)";
				LIBRARY_SEARCH_PATHS = (
					"\"$(TOOLCHAIN_DIR)/usr/lib/swift/$(PLATFORM_NAME)\"",
					"\"$(TOOLCHAIN_DIR)/usr/lib/swift-5.0/$(PLATFORM_NAME)\"",
					"\"$(inherited)\"",
				);
				MTL_ENABLE_DEBUG_INFO = YES;
				ONLY_ACTIVE_ARCH = YES;
				SDKROOT = iphoneos;
			};
			name = Debug;
		};
		83CBBA211A601CBA00E9B192 /* Release */ = {
			isa = XCBuildConfiguration;
			buildSettings = {
				ALWAYS_SEARCH_USER_PATHS = NO;
				CLANG_ANALYZER_LOCALIZABILITY_NONLOCALIZED = YES;
				CLANG_CXX_LANGUAGE_STANDARD = "gnu++0x";
				CLANG_CXX_LIBRARY = "libc++";
				CLANG_ENABLE_MODULES = YES;
				CLANG_ENABLE_OBJC_ARC = YES;
				CLANG_WARN_BLOCK_CAPTURE_AUTORELEASING = YES;
				CLANG_WARN_BOOL_CONVERSION = YES;
				CLANG_WARN_COMMA = YES;
				CLANG_WARN_CONSTANT_CONVERSION = YES;
				CLANG_WARN_DEPRECATED_OBJC_IMPLEMENTATIONS = YES;
				CLANG_WARN_DIRECT_OBJC_ISA_USAGE = YES_ERROR;
				CLANG_WARN_EMPTY_BODY = YES;
				CLANG_WARN_ENUM_CONVERSION = YES;
				CLANG_WARN_INFINITE_RECURSION = YES;
				CLANG_WARN_INT_CONVERSION = YES;
				CLANG_WARN_NON_LITERAL_NULL_CONVERSION = YES;
				CLANG_WARN_OBJC_IMPLICIT_RETAIN_SELF = YES;
				CLANG_WARN_OBJC_LITERAL_CONVERSION = YES;
				CLANG_WARN_OBJC_ROOT_CLASS = YES_ERROR;
				CLANG_WARN_RANGE_LOOP_ANALYSIS = YES;
				CLANG_WARN_STRICT_PROTOTYPES = YES;
				CLANG_WARN_SUSPICIOUS_MOVE = YES;
				CLANG_WARN_UNREACHABLE_CODE = YES;
				CLANG_WARN__DUPLICATE_METHOD_MATCH = YES;
				"CODE_SIGN_IDENTITY[sdk=iphoneos*]" = "iPhone Developer";
				COPY_PHASE_STRIP = YES;
				ENABLE_NS_ASSERTIONS = NO;
				ENABLE_STRICT_OBJC_MSGSEND = YES;
				GCC_C_LANGUAGE_STANDARD = gnu99;
				GCC_NO_COMMON_BLOCKS = YES;
				GCC_WARN_64_TO_32_BIT_CONVERSION = YES;
				GCC_WARN_ABOUT_RETURN_TYPE = YES_ERROR;
				GCC_WARN_UNDECLARED_SELECTOR = YES;
				GCC_WARN_UNINITIALIZED_AUTOS = YES_AGGRESSIVE;
				GCC_WARN_UNUSED_FUNCTION = YES;
				GCC_WARN_UNUSED_VARIABLE = YES;
				IPHONEOS_DEPLOYMENT_TARGET = 10.0;
				LD_RUNPATH_SEARCH_PATHS = "/usr/lib/swift $(inherited)";
				LIBRARY_SEARCH_PATHS = (
					"\"$(TOOLCHAIN_DIR)/usr/lib/swift/$(PLATFORM_NAME)\"",
					"\"$(TOOLCHAIN_DIR)/usr/lib/swift-5.0/$(PLATFORM_NAME)\"",
					"\"$(inherited)\"",
				);
				MTL_ENABLE_DEBUG_INFO = NO;
				SDKROOT = iphoneos;
				VALIDATE_PRODUCT = YES;
			};
			name = Release;
		};
/* End XCBuildConfiguration section */

/* Begin XCConfigurationList section */
		00E357021AD99517003FC87E /* Build configuration list for PBXNativeTarget "HNC_AsiaSoftTests" */ = {
			isa = XCConfigurationList;
			buildConfigurations = (
				00E356F61AD99517003FC87E /* Debug */,
				00E356F71AD99517003FC87E /* Release */,
			);
			defaultConfigurationIsVisible = 0;
			defaultConfigurationName = Release;
		};
		13B07F931A680F5B00A75B9A /* Build configuration list for PBXNativeTarget "HNC_AsiaSoft" */ = {
			isa = XCConfigurationList;
			buildConfigurations = (
				13B07F941A680F5B00A75B9A /* Debug */,
				13B07F951A680F5B00A75B9A /* Release */,
			);
			defaultConfigurationIsVisible = 0;
			defaultConfigurationName = Release;
		};
		2D02E4BA1E0B4A5E006451C7 /* Build configuration list for PBXNativeTarget "HNC_AsiaSoft-tvOS" */ = {
			isa = XCConfigurationList;
			buildConfigurations = (
				2D02E4971E0B4A5E006451C7 /* Debug */,
				2D02E4981E0B4A5E006451C7 /* Release */,
			);
			defaultConfigurationIsVisible = 0;
			defaultConfigurationName = Release;
		};
		2D02E4BB1E0B4A5E006451C7 /* Build configuration list for PBXNativeTarget "HNC_AsiaSoft-tvOSTests" */ = {
			isa = XCConfigurationList;
			buildConfigurations = (
				2D02E4991E0B4A5E006451C7 /* Debug */,
				2D02E49A1E0B4A5E006451C7 /* Release */,
			);
			defaultConfigurationIsVisible = 0;
			defaultConfigurationName = Release;
		};
		83CBB9FA1A601CBA00E9B192 /* Build configuration list for PBXProject "HNC_AsiaSoft" */ = {
			isa = XCConfigurationList;
			buildConfigurations = (
				83CBBA201A601CBA00E9B192 /* Debug */,
				83CBBA211A601CBA00E9B192 /* Release */,
			);
			defaultConfigurationIsVisible = 0;
			defaultConfigurationName = Release;
		};
/* End XCConfigurationList section */
	};
	rootObject = 83CBB9F71A601CBA00E9B192 /* Project object */;
}
